
Microsoft Visual Studio Solution File, Format Version 12.00
# Visual Studio 15
VisualStudioVersion = 15.0.27130.2020
MinimumVisualStudioVersion = 10.0.40219.1
Project("{FAE04EC0-301F-11D3-BF4B-00C04F79EFBC}") = "Cookbook1", "Cookbook1\Cookbook1.csproj", "{D40D60C2-1DB2-4C53-A497-64D769D15BEF}"
EndProject
Global
	GlobalSection(SolutionConfigurationPlatforms) = preSolution
		Debug|Any CPU = Debug|Any CPU
		Release|Any CPU = Release|Any CPU
	EndGlobalSection
	GlobalSection(ProjectConfigurationPlatforms) = postSolution
		{D40D60C2-1DB2-4C53-A497-64D769D15BEF}.Debug|Any CPU.ActiveCfg = Debug|Any CPU
		{D40D60C2-1DB2-4C53-A497-64D769D15BEF}.Debug|Any CPU.Build.0 = Debug|Any CPU
		{D40D60C2-1DB2-4C53-A497-64D769D15BEF}.Release|Any CPU.ActiveCfg = Release|Any CPU
		{D40D60C2-1DB2-4C53-A497-64D769D15BEF}.Release|Any CPU.Build.0 = Release|Any CPU
	EndGlobalSection
	GlobalSection(SolutionProperties) = preSolution
		HideSolutionNode = FALSE
	EndGlobalSection
	GlobalSection(ExtensibilityGlobals) = postSolution
		SolutionGuid = {461D7F90-0FF4-42C0-9E27-FA7DF0319298}
	EndGlobalSection
EndGlobal
